
Microsoft Visual Studio Solution File, Format Version 12.00
# Visual Studio Version 17
VisualStudioVersion = 17.0.31903.59
MinimumVisualStudioVersion = 10.0.40219.1
Project("{FAE04EC0-301F-11D3-BF4B-00C04F79EFBC}") = "ConsoleApp1", "ConsoleApp1\ConsoleApp1.csproj", "{A72C200E-DD23-4620-8D2F-8035286751EE}"
EndProject
Project("{FAE04EC0-301F-11D3-BF4B-00C04F79EFBC}") = "Day1", "Day1\Day1.csproj", "{900154A8-D05C-426D-ABAA-AFCF6CD608F4}"
EndProject
Project("{FAE04EC0-301F-11D3-BF4B-00C04F79EFBC}") = "LogicExercise", "LogicExercise\LogicExercise.csproj", "{58BD5648-D43C-4A8A-B7B9-5E41D569AB5F}"
EndProject
Project("{FAE04EC0-301F-11D3-BF4B-00C04F79EFBC}") = "Day2", "Day2\Day2.csproj", "{21E522AC-D4F4-470D-AA61-629BFF1780DC}"
EndProject
Project("{FAE04EC0-301F-11D3-BF4B-00C04F79EFBC}") = "Day3", "Day3\Day3.csproj", "{7F6BF8A6-5581-4B82-9780-4987817E9A09}"
EndProject
Project("{FAE04EC0-301F-11D3-BF4B-00C04F79EFBC}") = "Day4", "Day4\Day4.csproj", "{6506B618-CDC5-4B74-B1CC-E5A3BA204A96}"
EndProject
Global
	GlobalSection(SolutionConfigurationPlatforms) = preSolution
		Debug|Any CPU = Debug|Any CPU
		Release|Any CPU = Release|Any CPU
	EndGlobalSection
	GlobalSection(SolutionProperties) = preSolution
		HideSolutionNode = FALSE
	EndGlobalSection
	GlobalSection(ProjectConfigurationPlatforms) = postSolution
		{A72C200E-DD23-4620-8D2F-8035286751EE}.Debug|Any CPU.ActiveCfg = Debug|Any CPU
		{A72C200E-DD23-4620-8D2F-8035286751EE}.Debug|Any CPU.Build.0 = Debug|Any CPU
		{A72C200E-DD23-4620-8D2F-8035286751EE}.Release|Any CPU.ActiveCfg = Release|Any CPU
		{A72C200E-DD23-4620-8D2F-8035286751EE}.Release|Any CPU.Build.0 = Release|Any CPU
		{900154A8-D05C-426D-ABAA-AFCF6CD608F4}.Debug|Any CPU.ActiveCfg = Debug|Any CPU
		{900154A8-D05C-426D-ABAA-AFCF6CD608F4}.Debug|Any CPU.Build.0 = Debug|Any CPU
		{900154A8-D05C-426D-ABAA-AFCF6CD608F4}.Release|Any CPU.ActiveCfg = Release|Any CPU
		{900154A8-D05C-426D-ABAA-AFCF6CD608F4}.Release|Any CPU.Build.0 = Release|Any CPU
		{58BD5648-D43C-4A8A-B7B9-5E41D569AB5F}.Debug|Any CPU.ActiveCfg = Debug|Any CPU
		{58BD5648-D43C-4A8A-B7B9-5E41D569AB5F}.Debug|Any CPU.Build.0 = Debug|Any CPU
		{58BD5648-D43C-4A8A-B7B9-5E41D569AB5F}.Release|Any CPU.ActiveCfg = Release|Any CPU
		{58BD5648-D43C-4A8A-B7B9-5E41D569AB5F}.Release|Any CPU.Build.0 = Release|Any CPU
		{21E522AC-D4F4-470D-AA61-629BFF1780DC}.Debug|Any CPU.ActiveCfg = Debug|Any CPU
		{21E522AC-D4F4-470D-AA61-629BFF1780DC}.Debug|Any CPU.Build.0 = Debug|Any CPU
		{21E522AC-D4F4-470D-AA61-629BFF1780DC}.Release|Any CPU.ActiveCfg = Release|Any CPU
		{21E522AC-D4F4-470D-AA61-629BFF1780DC}.Release|Any CPU.Build.0 = Release|Any CPU
		{7F6BF8A6-5581-4B82-9780-4987817E9A09}.Debug|Any CPU.ActiveCfg = Debug|Any CPU
		{7F6BF8A6-5581-4B82-9780-4987817E9A09}.Debug|Any CPU.Build.0 = Debug|Any CPU
		{7F6BF8A6-5581-4B82-9780-4987817E9A09}.Release|Any CPU.ActiveCfg = Release|Any CPU
		{7F6BF8A6-5581-4B82-9780-4987817E9A09}.Release|Any CPU.Build.0 = Release|Any CPU
		{6506B618-CDC5-4B74-B1CC-E5A3BA204A96}.Debug|Any CPU.ActiveCfg = Debug|Any CPU
		{6506B618-CDC5-4B74-B1CC-E5A3BA204A96}.Debug|Any CPU.Build.0 = Debug|Any CPU
		{6506B618-CDC5-4B74-B1CC-E5A3BA204A96}.Release|Any CPU.ActiveCfg = Release|Any CPU
		{6506B618-CDC5-4B74-B1CC-E5A3BA204A96}.Release|Any CPU.Build.0 = Release|Any CPU
	EndGlobalSection
EndGlobal
